
Microsoft Visual Studio Solution File, Format Version 12.00
# Visual Studio Version 16
VisualStudioVersion = 16.0.31424.327
MinimumVisualStudioVersion = 10.0.40219.1
Project("{FAE04EC0-301F-11D3-BF4B-00C04F79EFBC}") = "Hardness Revolted", "Hardness Revolted\Hardness Revolted.csproj", "{4719E905-8267-43F7-B0A6-8A6BA9FDD9B0}"
EndProject
Global
	GlobalSection(SolutionConfigurationPlatforms) = preSolution
		Debug|Any CPU = Debug|Any CPU
		Release|Any CPU = Release|Any CPU
	EndGlobalSection
	GlobalSection(ProjectConfigurationPlatforms) = postSolution
		{4719E905-8267-43F7-B0A6-8A6BA9FDD9B0}.Debug|Any CPU.ActiveCfg = Debug|Any CPU
		{4719E905-8267-43F7-B0A6-8A6BA9FDD9B0}.Debug|Any CPU.Build.0 = Debug|Any CPU
		{4719E905-8267-43F7-B0A6-8A6BA9FDD9B0}.Release|Any CPU.ActiveCfg = Release|Any CPU
		{4719E905-8267-43F7-B0A6-8A6BA9FDD9B0}.Release|Any CPU.Build.0 = Release|Any CPU
	EndGlobalSection
	GlobalSection(SolutionProperties) = preSolution
		HideSolutionNode = FALSE
	EndGlobalSection
	GlobalSection(ExtensibilityGlobals) = postSolution
		SolutionGuid = {93EDA30A-CF18-41A9-BFFC-E209D84CCB54}
	EndGlobalSection
EndGlobal
